
Microsoft Visual Studio Solution File, Format Version 12.00
# Visual Studio Version 16
VisualStudioVersion = 16.0.30320.27
MinimumVisualStudioVersion = 10.0.40219.1
Project("{8BC9CEB8-8B4A-11D0-8D11-00A0C91BC942}") = "Yatzy", "Yatzy.vcxproj", "{30D8169B-5E7A-4F7F-987C-2E3574F0C0CD}"
EndProject
Global
	GlobalSection(SolutionConfigurationPlatforms) = preSolution
		Debug|ARM = Debug|ARM
		Debug|x86 = Debug|x86
		Release|ARM = Release|ARM
		Release|x86 = Release|x86
	EndGlobalSection
	GlobalSection(ProjectConfigurationPlatforms) = postSolution
		{30D8169B-5E7A-4F7F-987C-2E3574F0C0CD}.Debug|ARM.ActiveCfg = Debug|ARM
		{30D8169B-5E7A-4F7F-987C-2E3574F0C0CD}.Debug|ARM.Build.0 = Debug|ARM
		{30D8169B-5E7A-4F7F-987C-2E3574F0C0CD}.Debug|x86.ActiveCfg = Debug|Win32
		{30D8169B-5E7A-4F7F-987C-2E3574F0C0CD}.Debug|x86.Build.0 = Debug|Win32
		{30D8169B-5E7A-4F7F-987C-2E3574F0C0CD}.Release|ARM.ActiveCfg = Release|ARM
		{30D8169B-5E7A-4F7F-987C-2E3574F0C0CD}.Release|ARM.Build.0 = Release|ARM
		{30D8169B-5E7A-4F7F-987C-2E3574F0C0CD}.Release|x86.ActiveCfg = Release|Win32
		{30D8169B-5E7A-4F7F-987C-2E3574F0C0CD}.Release|x86.Build.0 = Release|Win32
	EndGlobalSection
	GlobalSection(SolutionProperties) = preSolution
		HideSolutionNode = FALSE
	EndGlobalSection
	GlobalSection(ExtensibilityGlobals) = postSolution
		SolutionGuid = {A17FDDED-C85C-4F99-89E0-A07FCF2EE153}
	EndGlobalSection
EndGlobal
